{
  "name": "typeagent",
  "version": "0.0.1",
  "lockfileVersion": 2,
  "requires": true,
  "packages": {
    "": {
      "name": "typeagent",
      "version": "0.0.1",
      "license": "MIT",
      "workspaces": [
        "./",
        "./examples/*"
      ],
      "dependencies": {
        "langsmith": "^0.0.41",
        "typechat": "^0.0.10"
      },
      "devDependencies": {
        "@types/node": "^20.3.3",
        "typescript": "^5.1.3"
      },
      "engines": {
        "node": ">=18"
      }
    },
    "examples/crm": {
      "version": "0.0.1",
      "extraneous": true,
      "license": "MIT",
      "dependencies": {
        "dotenv": "^16.3.1"
      },
      "devDependencies": {
        "@types/node": "^20.3.1",
        "copyfiles": "^2.4.1",
        "typescript": "^5.1.3"
      }
    },
    "examples/delivery": {
      "version": "0.0.1",
      "extraneous": true,
      "license": "MIT",
      "dependencies": {
        "dotenv": "^16.3.1"
      },
      "devDependencies": {
        "@types/node": "^20.3.1",
        "copyfiles": "^2.4.1",
        "typescript": "^5.1.3"
      }
    },
    "examples/orquestra": {
      "name": "orchestra",
      "version": "0.0.1",
      "license": "MIT",
      "dependencies": {
        "dotenv": "^16.3.1",
        "typeagent": "^0.0.1",
        "typechat": "^0.0.10"
      },
      "devDependencies": {
        "@types/node": "^20.3.1",
        "copyfiles": "^2.4.1",
        "typescript": "^5.1.3"
      }
    },
    "node_modules/@types/node": {
      "version": "20.8.2",
      "dev": true,
      "license": "MIT"
    },
    "node_modules/@types/retry": {
      "version": "0.12.0",
      "resolved": "https://registry.npmjs.org/@types/retry/-/retry-0.12.0.tgz",
      "integrity": "sha512-wWKOClTTiizcZhXnPY4wikVAwmdYHp8q6DmC+EJUzAMsycb7HB32Kh9RN4+0gExjmPmZSAQjgURXIGATPegAvA=="
    },
    "node_modules/@types/uuid": {
      "version": "9.0.4",
      "resolved": "https://registry.npmjs.org/@types/uuid/-/uuid-9.0.4.tgz",
      "integrity": "sha512-zAuJWQflfx6dYJM62vna+Sn5aeSWhh3OB+wfUEACNcqUSc0AGc5JKl+ycL1vrH7frGTXhJchYjE1Hak8L819dA=="
    },
    "node_modules/ansi-regex": {
      "version": "5.0.1",
      "dev": true,
      "license": "MIT",
      "engines": {
        "node": ">=8"
      }
    },
    "node_modules/ansi-styles": {
      "version": "4.3.0",
      "dev": true,
      "license": "MIT",
      "dependencies": {
        "color-convert": "^2.0.1"
      },
      "engines": {
        "node": ">=8"
      },
      "funding": {
        "url": "https://github.com/chalk/ansi-styles?sponsor=1"
      }
    },
    "node_modules/asynckit": {
      "version": "0.4.0",
      "license": "MIT"
    },
    "node_modules/axios": {
      "version": "1.5.1",
      "license": "MIT",
      "dependencies": {
        "follow-redirects": "^1.15.0",
        "form-data": "^4.0.0",
        "proxy-from-env": "^1.1.0"
      }
    },
    "node_modules/balanced-match": {
      "version": "1.0.2",
      "dev": true,
      "license": "MIT"
    },
    "node_modules/brace-expansion": {
      "version": "1.1.11",
      "dev": true,
      "license": "MIT",
      "dependencies": {
        "balanced-match": "^1.0.0",
        "concat-map": "0.0.1"
      }
    },
    "node_modules/cliui": {
      "version": "7.0.4",
      "dev": true,
      "license": "ISC",
      "dependencies": {
        "string-width": "^4.2.0",
        "strip-ansi": "^6.0.0",
        "wrap-ansi": "^7.0.0"
      }
    },
    "node_modules/color-convert": {
      "version": "2.0.1",
      "dev": true,
      "license": "MIT",
      "dependencies": {
        "color-name": "~1.1.4"
      },
      "engines": {
        "node": ">=7.0.0"
      }
    },
    "node_modules/color-name": {
      "version": "1.1.4",
      "dev": true,
      "license": "MIT"
    },
    "node_modules/combined-stream": {
      "version": "1.0.8",
      "license": "MIT",
      "dependencies": {
        "delayed-stream": "~1.0.0"
      },
      "engines": {
        "node": ">= 0.8"
      }
    },
    "node_modules/commander": {
      "version": "10.0.1",
      "resolved": "https://registry.npmjs.org/commander/-/commander-10.0.1.tgz",
      "integrity": "sha512-y4Mg2tXshplEbSGzx7amzPwKKOCGuoSRP/CjEdwwk0FOGlUbq6lKuoyDZTNZkmxHdJtp54hdfY/JUrdL7Xfdug==",
      "engines": {
        "node": ">=14"
      }
    },
    "node_modules/concat-map": {
      "version": "0.0.1",
      "dev": true,
      "license": "MIT"
    },
    "node_modules/copyfiles": {
      "version": "2.4.1",
      "dev": true,
      "license": "MIT",
      "dependencies": {
        "glob": "^7.0.5",
        "minimatch": "^3.0.3",
        "mkdirp": "^1.0.4",
        "noms": "0.0.0",
        "through2": "^2.0.1",
        "untildify": "^4.0.0",
        "yargs": "^16.1.0"
      },
      "bin": {
        "copyfiles": "copyfiles",
        "copyup": "copyfiles"
      }
    },
    "node_modules/core-util-is": {
      "version": "1.0.3",
      "dev": true,
      "license": "MIT"
    },
    "node_modules/delayed-stream": {
      "version": "1.0.0",
      "license": "MIT",
      "engines": {
        "node": ">=0.4.0"
      }
    },
    "node_modules/dotenv": {
      "version": "16.3.1",
      "license": "BSD-2-Clause",
      "engines": {
        "node": ">=12"
      },
      "funding": {
        "url": "https://github.com/motdotla/dotenv?sponsor=1"
      }
    },
    "node_modules/emoji-regex": {
      "version": "8.0.0",
      "dev": true,
      "license": "MIT"
    },
    "node_modules/escalade": {
      "version": "3.1.1",
      "dev": true,
      "license": "MIT",
      "engines": {
        "node": ">=6"
      }
    },
    "node_modules/eventemitter3": {
      "version": "4.0.7",
      "resolved": "https://registry.npmjs.org/eventemitter3/-/eventemitter3-4.0.7.tgz",
      "integrity": "sha512-8guHBZCwKnFhYdHr2ysuRWErTwhoN2X8XELRlrRwpmfeY2jjuUN4taQMsULKUVo1K4DvZl+0pgfyoysHxvmvEw=="
    },
    "node_modules/follow-redirects": {
      "version": "1.15.3",
      "funding": [
        {
          "type": "individual",
          "url": "https://github.com/sponsors/RubenVerborgh"
        }
      ],
      "license": "MIT",
      "engines": {
        "node": ">=4.0"
      },
      "peerDependenciesMeta": {
        "debug": {
          "optional": true
        }
      }
    },
    "node_modules/form-data": {
      "version": "4.0.0",
      "license": "MIT",
      "dependencies": {
        "asynckit": "^0.4.0",
        "combined-stream": "^1.0.8",
        "mime-types": "^2.1.12"
      },
      "engines": {
        "node": ">= 6"
      }
    },
    "node_modules/fs.realpath": {
      "version": "1.0.0",
      "dev": true,
      "license": "ISC"
    },
    "node_modules/get-caller-file": {
      "version": "2.0.5",
      "dev": true,
      "license": "ISC",
      "engines": {
        "node": "6.* || 8.* || >= 10.*"
      }
    },
    "node_modules/glob": {
      "version": "7.2.3",
      "dev": true,
      "license": "ISC",
      "dependencies": {
        "fs.realpath": "^1.0.0",
        "inflight": "^1.0.4",
        "inherits": "2",
        "minimatch": "^3.1.1",
        "once": "^1.3.0",
        "path-is-absolute": "^1.0.0"
      },
      "engines": {
        "node": "*"
      },
      "funding": {
        "url": "https://github.com/sponsors/isaacs"
      }
    },
    "node_modules/inflight": {
      "version": "1.0.6",
      "dev": true,
      "license": "ISC",
      "dependencies": {
        "once": "^1.3.0",
        "wrappy": "1"
      }
    },
    "node_modules/inherits": {
      "version": "2.0.4",
      "dev": true,
      "license": "ISC"
    },
    "node_modules/is-fullwidth-code-point": {
      "version": "3.0.0",
      "dev": true,
      "license": "MIT",
      "engines": {
        "node": ">=8"
      }
    },
    "node_modules/isarray": {
      "version": "0.0.1",
      "dev": true,
      "license": "MIT"
    },
    "node_modules/langsmith": {
      "version": "0.0.41",
      "resolved": "https://registry.npmjs.org/langsmith/-/langsmith-0.0.41.tgz",
      "integrity": "sha512-QRJMrCg8IzQJmva+30SbbQznaX91R/5IIfNj0yy0EFhNzgEmJP+XYnTiS0Ph5Htv6Kb4mYhxP7x198ECupW98A==",
      "dependencies": {
        "@types/uuid": "^9.0.1",
        "commander": "^10.0.1",
        "p-queue": "^6.6.2",
        "p-retry": "4",
        "uuid": "^9.0.0"
      },
      "bin": {
        "langsmith": "dist/cli/main.cjs"
      }
    },
    "node_modules/mime-db": {
      "version": "1.52.0",
      "license": "MIT",
      "engines": {
        "node": ">= 0.6"
      }
    },
    "node_modules/mime-types": {
      "version": "2.1.35",
      "license": "MIT",
      "dependencies": {
        "mime-db": "1.52.0"
      },
      "engines": {
        "node": ">= 0.6"
      }
    },
    "node_modules/minimatch": {
      "version": "3.1.2",
      "dev": true,
      "license": "ISC",
      "dependencies": {
        "brace-expansion": "^1.1.7"
      },
      "engines": {
        "node": "*"
      }
    },
    "node_modules/mkdirp": {
      "version": "1.0.4",
      "dev": true,
      "license": "MIT",
      "bin": {
        "mkdirp": "bin/cmd.js"
      },
      "engines": {
        "node": ">=10"
      }
    },
    "node_modules/noms": {
      "version": "0.0.0",
      "dev": true,
      "license": "ISC",
      "dependencies": {
        "inherits": "^2.0.1",
        "readable-stream": "~1.0.31"
      }
    },
    "node_modules/once": {
      "version": "1.4.0",
      "dev": true,
      "license": "ISC",
      "dependencies": {
        "wrappy": "1"
      }
    },
    "node_modules/orchestra": {
      "resolved": "examples/orquestra",
      "link": true
    },
    "node_modules/p-finally": {
      "version": "1.0.0",
      "resolved": "https://registry.npmjs.org/p-finally/-/p-finally-1.0.0.tgz",
      "integrity": "sha512-LICb2p9CB7FS+0eR1oqWnHhp0FljGLZCWBE9aix0Uye9W8LTQPwMTYVGWQWIw9RdQiDg4+epXQODwIYJtSJaow==",
      "engines": {
        "node": ">=4"
      }
    },
    "node_modules/p-queue": {
      "version": "6.6.2",
      "resolved": "https://registry.npmjs.org/p-queue/-/p-queue-6.6.2.tgz",
      "integrity": "sha512-RwFpb72c/BhQLEXIZ5K2e+AhgNVmIejGlTgiB9MzZ0e93GRvqZ7uSi0dvRF7/XIXDeNkra2fNHBxTyPDGySpjQ==",
      "dependencies": {
        "eventemitter3": "^4.0.4",
        "p-timeout": "^3.2.0"
      },
      "engines": {
        "node": ">=8"
      },
      "funding": {
        "url": "https://github.com/sponsors/sindresorhus"
      }
    },
    "node_modules/p-retry": {
      "version": "4.6.2",
      "resolved": "https://registry.npmjs.org/p-retry/-/p-retry-4.6.2.tgz",
      "integrity": "sha512-312Id396EbJdvRONlngUx0NydfrIQ5lsYu0znKVUzVvArzEIt08V1qhtyESbGVd1FGX7UKtiFp5uwKZdM8wIuQ==",
      "dependencies": {
        "@types/retry": "0.12.0",
        "retry": "^0.13.1"
      },
      "engines": {
        "node": ">=8"
      }
    },
    "node_modules/p-timeout": {
      "version": "3.2.0",
      "resolved": "https://registry.npmjs.org/p-timeout/-/p-timeout-3.2.0.tgz",
      "integrity": "sha512-rhIwUycgwwKcP9yTOOFK/AKsAopjjCakVqLHePO3CC6Mir1Z99xT+R63jZxAT5lFZLa2inS5h+ZS2GvR99/FBg==",
      "dependencies": {
        "p-finally": "^1.0.0"
      },
      "engines": {
        "node": ">=8"
      }
    },
    "node_modules/path-is-absolute": {
      "version": "1.0.1",
      "dev": true,
      "license": "MIT",
      "engines": {
        "node": ">=0.10.0"
      }
    },
    "node_modules/process-nextick-args": {
      "version": "2.0.1",
      "dev": true,
      "license": "MIT"
    },
    "node_modules/proxy-from-env": {
      "version": "1.1.0",
      "license": "MIT"
    },
    "node_modules/readable-stream": {
      "version": "1.0.34",
      "dev": true,
      "license": "MIT",
      "dependencies": {
        "core-util-is": "~1.0.0",
        "inherits": "~2.0.1",
        "isarray": "0.0.1",
        "string_decoder": "~0.10.x"
      }
    },
    "node_modules/require-directory": {
      "version": "2.1.1",
      "dev": true,
      "license": "MIT",
      "engines": {
        "node": ">=0.10.0"
      }
    },
    "node_modules/retry": {
      "version": "0.13.1",
      "resolved": "https://registry.npmjs.org/retry/-/retry-0.13.1.tgz",
      "integrity": "sha512-XQBQ3I8W1Cge0Seh+6gjj03LbmRFWuoszgK9ooCpwYIrhhoO80pfq4cUkU5DkknwfOfFteRwlZ56PYOGYyFWdg==",
      "engines": {
        "node": ">= 4"
      }
    },
    "node_modules/safe-buffer": {
      "version": "5.1.2",
      "dev": true,
      "license": "MIT"
    },
    "node_modules/string_decoder": {
      "version": "0.10.31",
      "dev": true,
      "license": "MIT"
    },
    "node_modules/string-width": {
      "version": "4.2.3",
      "dev": true,
      "license": "MIT",
      "dependencies": {
        "emoji-regex": "^8.0.0",
        "is-fullwidth-code-point": "^3.0.0",
        "strip-ansi": "^6.0.1"
      },
      "engines": {
        "node": ">=8"
      }
    },
    "node_modules/strip-ansi": {
      "version": "6.0.1",
      "dev": true,
      "license": "MIT",
      "dependencies": {
        "ansi-regex": "^5.0.1"
      },
      "engines": {
        "node": ">=8"
      }
    },
    "node_modules/through2": {
      "version": "2.0.5",
      "dev": true,
      "license": "MIT",
      "dependencies": {
        "readable-stream": "~2.3.6",
        "xtend": "~4.0.1"
      }
    },
    "node_modules/through2/node_modules/isarray": {
      "version": "1.0.0",
      "dev": true,
      "license": "MIT"
    },
    "node_modules/through2/node_modules/readable-stream": {
      "version": "2.3.8",
      "dev": true,
      "license": "MIT",
      "dependencies": {
        "core-util-is": "~1.0.0",
        "inherits": "~2.0.3",
        "isarray": "~1.0.0",
        "process-nextick-args": "~2.0.0",
        "safe-buffer": "~5.1.1",
        "string_decoder": "~1.1.1",
        "util-deprecate": "~1.0.1"
      }
    },
    "node_modules/through2/node_modules/string_decoder": {
      "version": "1.1.1",
      "dev": true,
      "license": "MIT",
      "dependencies": {
        "safe-buffer": "~5.1.0"
      }
    },
    "node_modules/typeagent": {
      "resolved": "",
      "link": true
    },
    "node_modules/typechat": {
      "version": "0.0.10",
      "resolved": "https://registry.npmjs.org/typechat/-/typechat-0.0.10.tgz",
      "integrity": "sha512-iF/wLLaZWt4Q9WO8stpq3NKilAa4b8hnCD16EirdhaxzAYk80MCb1wnW1il7GhkMNJuhJUD38dxs8q4A/EdxJw==",
      "dependencies": {
        "axios": "^1.4.0",
        "typescript": "^5.1.3"
      },
      "engines": {
        "node": ">=18"
      }
    },
    "node_modules/typescript": {
      "version": "5.2.2",
      "license": "Apache-2.0",
      "bin": {
        "tsc": "bin/tsc",
        "tsserver": "bin/tsserver"
      },
      "engines": {
        "node": ">=14.17"
      }
    },
    "node_modules/untildify": {
      "version": "4.0.0",
      "dev": true,
      "license": "MIT",
      "engines": {
        "node": ">=8"
      }
    },
    "node_modules/util-deprecate": {
      "version": "1.0.2",
      "dev": true,
      "license": "MIT"
    },
    "node_modules/uuid": {
      "version": "9.0.1",
      "resolved": "https://registry.npmjs.org/uuid/-/uuid-9.0.1.tgz",
      "integrity": "sha512-b+1eJOlsR9K8HJpow9Ok3fiWOWSIcIzXodvv0rQjVoOVNpWMpxf1wZNpt4y9h10odCNrqnYp1OBzRktckBe3sA==",
      "funding": [
        "https://github.com/sponsors/broofa",
        "https://github.com/sponsors/ctavan"
      ],
      "bin": {
        "uuid": "dist/bin/uuid"
      }
    },
    "node_modules/wrap-ansi": {
      "version": "7.0.0",
      "dev": true,
      "license": "MIT",
      "dependencies": {
        "ansi-styles": "^4.0.0",
        "string-width": "^4.1.0",
        "strip-ansi": "^6.0.0"
      },
      "engines": {
        "node": ">=10"
      },
      "funding": {
        "url": "https://github.com/chalk/wrap-ansi?sponsor=1"
      }
    },
    "node_modules/wrappy": {
      "version": "1.0.2",
      "dev": true,
      "license": "ISC"
    },
    "node_modules/xtend": {
      "version": "4.0.2",
      "dev": true,
      "license": "MIT",
      "engines": {
        "node": ">=0.4"
      }
    },
    "node_modules/y18n": {
      "version": "5.0.8",
      "dev": true,
      "license": "ISC",
      "engines": {
        "node": ">=10"
      }
    },
    "node_modules/yargs": {
      "version": "16.2.0",
      "dev": true,
      "license": "MIT",
      "dependencies": {
        "cliui": "^7.0.2",
        "escalade": "^3.1.1",
        "get-caller-file": "^2.0.5",
        "require-directory": "^2.1.1",
        "string-width": "^4.2.0",
        "y18n": "^5.0.5",
        "yargs-parser": "^20.2.2"
      },
      "engines": {
        "node": ">=10"
      }
    },
    "node_modules/yargs-parser": {
      "version": "20.2.9",
      "dev": true,
      "license": "ISC",
      "engines": {
        "node": ">=10"
      }
    }
  },
  "dependencies": {
    "@types/node": {
      "version": "20.8.2",
      "dev": true
    },
    "@types/retry": {
      "version": "0.12.0",
      "resolved": "https://registry.npmjs.org/@types/retry/-/retry-0.12.0.tgz",
      "integrity": "sha512-wWKOClTTiizcZhXnPY4wikVAwmdYHp8q6DmC+EJUzAMsycb7HB32Kh9RN4+0gExjmPmZSAQjgURXIGATPegAvA=="
    },
    "@types/uuid": {
      "version": "9.0.4",
      "resolved": "https://registry.npmjs.org/@types/uuid/-/uuid-9.0.4.tgz",
      "integrity": "sha512-zAuJWQflfx6dYJM62vna+Sn5aeSWhh3OB+wfUEACNcqUSc0AGc5JKl+ycL1vrH7frGTXhJchYjE1Hak8L819dA=="
    },
    "ansi-regex": {
      "version": "5.0.1",
      "dev": true
    },
    "ansi-styles": {
      "version": "4.3.0",
      "dev": true,
      "requires": {
        "color-convert": "^2.0.1"
      }
    },
    "asynckit": {
      "version": "0.4.0"
    },
    "axios": {
      "version": "1.5.1",
      "requires": {
        "follow-redirects": "^1.15.0",
        "form-data": "^4.0.0",
        "proxy-from-env": "^1.1.0"
      }
    },
    "balanced-match": {
      "version": "1.0.2",
      "dev": true
    },
    "brace-expansion": {
      "version": "1.1.11",
      "dev": true,
      "requires": {
        "balanced-match": "^1.0.0",
        "concat-map": "0.0.1"
      }
    },
    "cliui": {
      "version": "7.0.4",
      "dev": true,
      "requires": {
        "string-width": "^4.2.0",
        "strip-ansi": "^6.0.0",
        "wrap-ansi": "^7.0.0"
      }
    },
    "color-convert": {
      "version": "2.0.1",
      "dev": true,
      "requires": {
        "color-name": "~1.1.4"
      }
    },
    "color-name": {
      "version": "1.1.4",
      "dev": true
    },
    "combined-stream": {
      "version": "1.0.8",
      "requires": {
        "delayed-stream": "~1.0.0"
      }
    },
    "commander": {
      "version": "10.0.1",
      "resolved": "https://registry.npmjs.org/commander/-/commander-10.0.1.tgz",
      "integrity": "sha512-y4Mg2tXshplEbSGzx7amzPwKKOCGuoSRP/CjEdwwk0FOGlUbq6lKuoyDZTNZkmxHdJtp54hdfY/JUrdL7Xfdug=="
    },
    "concat-map": {
      "version": "0.0.1",
      "dev": true
    },
    "copyfiles": {
      "version": "2.4.1",
      "dev": true,
      "requires": {
        "glob": "^7.0.5",
        "minimatch": "^3.0.3",
        "mkdirp": "^1.0.4",
        "noms": "0.0.0",
        "through2": "^2.0.1",
        "untildify": "^4.0.0",
        "yargs": "^16.1.0"
      }
    },
    "core-util-is": {
      "version": "1.0.3",
      "dev": true
    },
    "delayed-stream": {
      "version": "1.0.0"
    },
    "dotenv": {
      "version": "16.3.1"
    },
    "emoji-regex": {
      "version": "8.0.0",
      "dev": true
    },
    "escalade": {
      "version": "3.1.1",
      "dev": true
    },
    "eventemitter3": {
      "version": "4.0.7",
      "resolved": "https://registry.npmjs.org/eventemitter3/-/eventemitter3-4.0.7.tgz",
      "integrity": "sha512-8guHBZCwKnFhYdHr2ysuRWErTwhoN2X8XELRlrRwpmfeY2jjuUN4taQMsULKUVo1K4DvZl+0pgfyoysHxvmvEw=="
    },
    "follow-redirects": {
      "version": "1.15.3"
    },
    "form-data": {
      "version": "4.0.0",
      "requires": {
        "asynckit": "^0.4.0",
        "combined-stream": "^1.0.8",
        "mime-types": "^2.1.12"
      }
    },
    "fs.realpath": {
      "version": "1.0.0",
      "dev": true
    },
    "get-caller-file": {
      "version": "2.0.5",
      "dev": true
    },
    "glob": {
      "version": "7.2.3",
      "dev": true,
      "requires": {
        "fs.realpath": "^1.0.0",
        "inflight": "^1.0.4",
        "inherits": "2",
        "minimatch": "^3.1.1",
        "once": "^1.3.0",
        "path-is-absolute": "^1.0.0"
      }
    },
    "inflight": {
      "version": "1.0.6",
      "dev": true,
      "requires": {
        "once": "^1.3.0",
        "wrappy": "1"
      }
    },
    "inherits": {
      "version": "2.0.4",
      "dev": true
    },
    "is-fullwidth-code-point": {
      "version": "3.0.0",
      "dev": true
    },
    "isarray": {
      "version": "0.0.1",
      "dev": true
    },
    "langsmith": {
      "version": "0.0.41",
      "resolved": "https://registry.npmjs.org/langsmith/-/langsmith-0.0.41.tgz",
      "integrity": "sha512-QRJMrCg8IzQJmva+30SbbQznaX91R/5IIfNj0yy0EFhNzgEmJP+XYnTiS0Ph5Htv6Kb4mYhxP7x198ECupW98A==",
      "requires": {
        "@types/uuid": "^9.0.1",
        "commander": "^10.0.1",
        "p-queue": "^6.6.2",
        "p-retry": "4",
        "uuid": "^9.0.0"
      }
    },
    "mime-db": {
      "version": "1.52.0"
    },
    "mime-types": {
      "version": "2.1.35",
      "requires": {
        "mime-db": "1.52.0"
      }
    },
    "minimatch": {
      "version": "3.1.2",
      "dev": true,
      "requires": {
        "brace-expansion": "^1.1.7"
      }
    },
    "mkdirp": {
      "version": "1.0.4",
      "dev": true
    },
    "noms": {
      "version": "0.0.0",
      "dev": true,
      "requires": {
        "inherits": "^2.0.1",
        "readable-stream": "~1.0.31"
      }
    },
    "once": {
      "version": "1.4.0",
      "dev": true,
      "requires": {
        "wrappy": "1"
      }
    },
    "orchestra": {
      "version": "file:examples/orquestra",
      "requires": {
        "@types/node": "^20.3.1",
        "copyfiles": "^2.4.1",
        "dotenv": "^16.3.1",
        "typeagent": "^0.0.1",
        "typechat": "^0.0.10",
        "typescript": "^5.1.3"
      }
    },
    "p-finally": {
      "version": "1.0.0",
      "resolved": "https://registry.npmjs.org/p-finally/-/p-finally-1.0.0.tgz",
      "integrity": "sha512-LICb2p9CB7FS+0eR1oqWnHhp0FljGLZCWBE9aix0Uye9W8LTQPwMTYVGWQWIw9RdQiDg4+epXQODwIYJtSJaow=="
    },
    "p-queue": {
      "version": "6.6.2",
      "resolved": "https://registry.npmjs.org/p-queue/-/p-queue-6.6.2.tgz",
      "integrity": "sha512-RwFpb72c/BhQLEXIZ5K2e+AhgNVmIejGlTgiB9MzZ0e93GRvqZ7uSi0dvRF7/XIXDeNkra2fNHBxTyPDGySpjQ==",
      "requires": {
        "eventemitter3": "^4.0.4",
        "p-timeout": "^3.2.0"
      }
    },
    "p-retry": {
      "version": "4.6.2",
      "resolved": "https://registry.npmjs.org/p-retry/-/p-retry-4.6.2.tgz",
      "integrity": "sha512-312Id396EbJdvRONlngUx0NydfrIQ5lsYu0znKVUzVvArzEIt08V1qhtyESbGVd1FGX7UKtiFp5uwKZdM8wIuQ==",
      "requires": {
        "@types/retry": "0.12.0",
        "retry": "^0.13.1"
      }
    },
    "p-timeout": {
      "version": "3.2.0",
      "resolved": "https://registry.npmjs.org/p-timeout/-/p-timeout-3.2.0.tgz",
      "integrity": "sha512-rhIwUycgwwKcP9yTOOFK/AKsAopjjCakVqLHePO3CC6Mir1Z99xT+R63jZxAT5lFZLa2inS5h+ZS2GvR99/FBg==",
      "requires": {
        "p-finally": "^1.0.0"
      }
    },
    "path-is-absolute": {
      "version": "1.0.1",
      "dev": true
    },
    "process-nextick-args": {
      "version": "2.0.1",
      "dev": true
    },
    "proxy-from-env": {
      "version": "1.1.0"
    },
    "readable-stream": {
      "version": "1.0.34",
      "dev": true,
      "requires": {
        "core-util-is": "~1.0.0",
        "inherits": "~2.0.1",
        "isarray": "0.0.1",
        "string_decoder": "~0.10.x"
      }
    },
    "require-directory": {
      "version": "2.1.1",
      "dev": true
    },
    "retry": {
      "version": "0.13.1",
      "resolved": "https://registry.npmjs.org/retry/-/retry-0.13.1.tgz",
      "integrity": "sha512-XQBQ3I8W1Cge0Seh+6gjj03LbmRFWuoszgK9ooCpwYIrhhoO80pfq4cUkU5DkknwfOfFteRwlZ56PYOGYyFWdg=="
    },
    "safe-buffer": {
      "version": "5.1.2",
      "dev": true
    },
    "string_decoder": {
      "version": "0.10.31",
      "dev": true
    },
    "string-width": {
      "version": "4.2.3",
      "dev": true,
      "requires": {
        "emoji-regex": "^8.0.0",
        "is-fullwidth-code-point": "^3.0.0",
        "strip-ansi": "^6.0.1"
      }
    },
    "strip-ansi": {
      "version": "6.0.1",
      "dev": true,
      "requires": {
        "ansi-regex": "^5.0.1"
      }
    },
    "through2": {
      "version": "2.0.5",
      "dev": true,
      "requires": {
        "readable-stream": "~2.3.6",
        "xtend": "~4.0.1"
      },
      "dependencies": {
        "isarray": {
          "version": "1.0.0",
          "dev": true
        },
        "readable-stream": {
          "version": "2.3.8",
          "dev": true,
          "requires": {
            "core-util-is": "~1.0.0",
            "inherits": "~2.0.3",
            "isarray": "~1.0.0",
            "process-nextick-args": "~2.0.0",
            "safe-buffer": "~5.1.1",
            "string_decoder": "~1.1.1",
            "util-deprecate": "~1.0.1"
          }
        },
        "string_decoder": {
          "version": "1.1.1",
          "dev": true,
          "requires": {
            "safe-buffer": "~5.1.0"
          }
        }
      }
    },
    "typeagent": {
      "version": "file:",
      "requires": {
        "@types/node": "^20.3.3",
        "langsmith": "*",
        "orchestra": "file:examples/orquestra",
        "typeagent": "file:",
        "typechat": "^0.0.10",
        "typescript": "^5.1.3"
      },
      "dependencies": {
        "@types/node": {
          "version": "20.8.2",
          "dev": true
        },
        "@types/retry": {
          "version": "0.12.0",
          "resolved": "https://registry.npmjs.org/@types/retry/-/retry-0.12.0.tgz",
          "integrity": "sha512-wWKOClTTiizcZhXnPY4wikVAwmdYHp8q6DmC+EJUzAMsycb7HB32Kh9RN4+0gExjmPmZSAQjgURXIGATPegAvA=="
        },
        "@types/uuid": {
          "version": "9.0.4",
          "resolved": "https://registry.npmjs.org/@types/uuid/-/uuid-9.0.4.tgz",
          "integrity": "sha512-zAuJWQflfx6dYJM62vna+Sn5aeSWhh3OB+wfUEACNcqUSc0AGc5JKl+ycL1vrH7frGTXhJchYjE1Hak8L819dA=="
        },
        "ansi-regex": {
          "version": "5.0.1",
          "dev": true
        },
        "ansi-styles": {
          "version": "4.3.0",
          "dev": true,
          "requires": {
            "color-convert": "^2.0.1"
          }
        },
        "asynckit": {
          "version": "0.4.0"
        },
        "axios": {
          "version": "1.5.1",
          "requires": {
            "follow-redirects": "^1.15.0",
            "form-data": "^4.0.0",
            "proxy-from-env": "^1.1.0"
          }
        },
        "balanced-match": {
          "version": "1.0.2",
          "dev": true
        },
        "brace-expansion": {
          "version": "1.1.11",
          "dev": true,
          "requires": {
            "balanced-match": "^1.0.0",
            "concat-map": "0.0.1"
          }
        },
        "cliui": {
          "version": "7.0.4",
          "dev": true,
          "requires": {
            "string-width": "^4.2.0",
            "strip-ansi": "^6.0.0",
            "wrap-ansi": "^7.0.0"
          }
        },
        "color-convert": {
          "version": "2.0.1",
          "dev": true,
          "requires": {
            "color-name": "~1.1.4"
          }
        },
        "color-name": {
          "version": "1.1.4",
          "dev": true
        },
        "combined-stream": {
          "version": "1.0.8",
          "requires": {
            "delayed-stream": "~1.0.0"
          }
        },
        "commander": {
          "version": "10.0.1",
          "resolved": "https://registry.npmjs.org/commander/-/commander-10.0.1.tgz",
          "integrity": "sha512-y4Mg2tXshplEbSGzx7amzPwKKOCGuoSRP/CjEdwwk0FOGlUbq6lKuoyDZTNZkmxHdJtp54hdfY/JUrdL7Xfdug=="
        },
        "concat-map": {
          "version": "0.0.1",
          "dev": true
        },
        "copyfiles": {
          "version": "2.4.1",
          "dev": true,
          "requires": {
            "glob": "^7.0.5",
            "minimatch": "^3.0.3",
            "mkdirp": "^1.0.4",
            "noms": "0.0.0",
            "through2": "^2.0.1",
            "untildify": "^4.0.0",
            "yargs": "^16.1.0"
          }
        },
        "core-util-is": {
          "version": "1.0.3",
          "dev": true
        },
        "delayed-stream": {
          "version": "1.0.0"
        },
        "dotenv": {
          "version": "16.3.1"
        },
        "emoji-regex": {
          "version": "8.0.0",
          "dev": true
        },
        "escalade": {
          "version": "3.1.1",
          "dev": true
        },
        "eventemitter3": {
          "version": "4.0.7",
          "resolved": "https://registry.npmjs.org/eventemitter3/-/eventemitter3-4.0.7.tgz",
          "integrity": "sha512-8guHBZCwKnFhYdHr2ysuRWErTwhoN2X8XELRlrRwpmfeY2jjuUN4taQMsULKUVo1K4DvZl+0pgfyoysHxvmvEw=="
        },
        "follow-redirects": {
          "version": "1.15.3"
        },
        "form-data": {
          "version": "4.0.0",
          "requires": {
            "asynckit": "^0.4.0",
            "combined-stream": "^1.0.8",
            "mime-types": "^2.1.12"
          }
        },
        "fs.realpath": {
          "version": "1.0.0",
          "dev": true
        },
        "get-caller-file": {
          "version": "2.0.5",
          "dev": true
        },
        "glob": {
          "version": "7.2.3",
          "dev": true,
          "requires": {
            "fs.realpath": "^1.0.0",
            "inflight": "^1.0.4",
            "inherits": "2",
            "minimatch": "^3.1.1",
            "once": "^1.3.0",
            "path-is-absolute": "^1.0.0"
          }
        },
        "inflight": {
          "version": "1.0.6",
          "dev": true,
          "requires": {
            "once": "^1.3.0",
            "wrappy": "1"
          }
        },
        "inherits": {
          "version": "2.0.4",
          "dev": true
        },
        "is-fullwidth-code-point": {
          "version": "3.0.0",
          "dev": true
        },
        "isarray": {
          "version": "0.0.1",
          "dev": true
        },
        "langsmith": {
          "version": "0.0.41",
          "resolved": "https://registry.npmjs.org/langsmith/-/langsmith-0.0.41.tgz",
          "integrity": "sha512-QRJMrCg8IzQJmva+30SbbQznaX91R/5IIfNj0yy0EFhNzgEmJP+XYnTiS0Ph5Htv6Kb4mYhxP7x198ECupW98A==",
          "requires": {
            "@types/uuid": "^9.0.1",
            "commander": "^10.0.1",
            "p-queue": "^6.6.2",
            "p-retry": "4",
            "uuid": "^9.0.0"
          }
        },
        "mime-db": {
          "version": "1.52.0"
        },
        "mime-types": {
          "version": "2.1.35",
          "requires": {
            "mime-db": "1.52.0"
          }
        },
        "minimatch": {
          "version": "3.1.2",
          "dev": true,
          "requires": {
            "brace-expansion": "^1.1.7"
          }
        },
        "mkdirp": {
          "version": "1.0.4",
          "dev": true
        },
        "noms": {
          "version": "0.0.0",
          "dev": true,
          "requires": {
            "inherits": "^2.0.1",
            "readable-stream": "~1.0.31"
          }
        },
        "once": {
          "version": "1.4.0",
          "dev": true,
          "requires": {
            "wrappy": "1"
          }
        },
        "orchestra": {
          "version": "file:examples/orquestra",
          "requires": {
            "@types/node": "^20.3.1",
            "copyfiles": "^2.4.1",
            "dotenv": "^16.3.1",
            "typeagent": "^0.0.1",
            "typechat": "^0.0.10",
            "typescript": "^5.1.3"
          }
        },
        "p-finally": {
          "version": "1.0.0",
          "resolved": "https://registry.npmjs.org/p-finally/-/p-finally-1.0.0.tgz",
          "integrity": "sha512-LICb2p9CB7FS+0eR1oqWnHhp0FljGLZCWBE9aix0Uye9W8LTQPwMTYVGWQWIw9RdQiDg4+epXQODwIYJtSJaow=="
        },
        "p-queue": {
          "version": "6.6.2",
          "resolved": "https://registry.npmjs.org/p-queue/-/p-queue-6.6.2.tgz",
          "integrity": "sha512-RwFpb72c/BhQLEXIZ5K2e+AhgNVmIejGlTgiB9MzZ0e93GRvqZ7uSi0dvRF7/XIXDeNkra2fNHBxTyPDGySpjQ==",
          "requires": {
            "eventemitter3": "^4.0.4",
            "p-timeout": "^3.2.0"
          }
        },
        "p-retry": {
          "version": "4.6.2",
          "resolved": "https://registry.npmjs.org/p-retry/-/p-retry-4.6.2.tgz",
          "integrity": "sha512-312Id396EbJdvRONlngUx0NydfrIQ5lsYu0znKVUzVvArzEIt08V1qhtyESbGVd1FGX7UKtiFp5uwKZdM8wIuQ==",
          "requires": {
            "@types/retry": "0.12.0",
            "retry": "^0.13.1"
          }
        },
        "p-timeout": {
          "version": "3.2.0",
          "resolved": "https://registry.npmjs.org/p-timeout/-/p-timeout-3.2.0.tgz",
          "integrity": "sha512-rhIwUycgwwKcP9yTOOFK/AKsAopjjCakVqLHePO3CC6Mir1Z99xT+R63jZxAT5lFZLa2inS5h+ZS2GvR99/FBg==",
          "requires": {
            "p-finally": "^1.0.0"
          }
        },
        "path-is-absolute": {
          "version": "1.0.1",
          "dev": true
        },
        "process-nextick-args": {
          "version": "2.0.1",
          "dev": true
        },
        "proxy-from-env": {
          "version": "1.1.0"
        },
        "readable-stream": {
          "version": "1.0.34",
          "dev": true,
          "requires": {
            "core-util-is": "~1.0.0",
            "inherits": "~2.0.1",
            "isarray": "0.0.1",
            "string_decoder": "~0.10.x"
          }
        },
        "require-directory": {
          "version": "2.1.1",
          "dev": true
        },
        "retry": {
          "version": "0.13.1",
          "resolved": "https://registry.npmjs.org/retry/-/retry-0.13.1.tgz",
          "integrity": "sha512-XQBQ3I8W1Cge0Seh+6gjj03LbmRFWuoszgK9ooCpwYIrhhoO80pfq4cUkU5DkknwfOfFteRwlZ56PYOGYyFWdg=="
        },
        "safe-buffer": {
          "version": "5.1.2",
          "dev": true
        },
        "string_decoder": {
          "version": "0.10.31",
          "dev": true
        },
        "string-width": {
          "version": "4.2.3",
          "dev": true,
          "requires": {
            "emoji-regex": "^8.0.0",
            "is-fullwidth-code-point": "^3.0.0",
            "strip-ansi": "^6.0.1"
          }
        },
        "strip-ansi": {
          "version": "6.0.1",
          "dev": true,
          "requires": {
            "ansi-regex": "^5.0.1"
          }
        },
        "through2": {
          "version": "2.0.5",
          "dev": true,
          "requires": {
            "readable-stream": "~2.3.6",
            "xtend": "~4.0.1"
          },
          "dependencies": {
            "isarray": {
              "version": "1.0.0",
              "dev": true
            },
            "readable-stream": {
              "version": "2.3.8",
              "dev": true,
              "requires": {
                "core-util-is": "~1.0.0",
                "inherits": "~2.0.3",
                "isarray": "~1.0.0",
                "process-nextick-args": "~2.0.0",
                "safe-buffer": "~5.1.1",
                "string_decoder": "~1.1.1",
                "util-deprecate": "~1.0.1"
              }
            },
            "string_decoder": {
              "version": "1.1.1",
              "dev": true,
              "requires": {
                "safe-buffer": "~5.1.0"
              }
            }
          }
        },
        "typechat": {
          "version": "0.0.10",
          "resolved": "https://registry.npmjs.org/typechat/-/typechat-0.0.10.tgz",
          "integrity": "sha512-iF/wLLaZWt4Q9WO8stpq3NKilAa4b8hnCD16EirdhaxzAYk80MCb1wnW1il7GhkMNJuhJUD38dxs8q4A/EdxJw==",
          "requires": {
            "axios": "^1.4.0",
            "typescript": "^5.1.3"
          }
        },
        "typescript": {
          "version": "5.2.2"
        },
        "untildify": {
          "version": "4.0.0",
          "dev": true
        },
        "util-deprecate": {
          "version": "1.0.2",
          "dev": true
        },
        "uuid": {
          "version": "9.0.1",
          "resolved": "https://registry.npmjs.org/uuid/-/uuid-9.0.1.tgz",
          "integrity": "sha512-b+1eJOlsR9K8HJpow9Ok3fiWOWSIcIzXodvv0rQjVoOVNpWMpxf1wZNpt4y9h10odCNrqnYp1OBzRktckBe3sA=="
        },
        "wrap-ansi": {
          "version": "7.0.0",
          "dev": true,
          "requires": {
            "ansi-styles": "^4.0.0",
            "string-width": "^4.1.0",
            "strip-ansi": "^6.0.0"
          }
        },
        "wrappy": {
          "version": "1.0.2",
          "dev": true
        },
        "xtend": {
          "version": "4.0.2",
          "dev": true
        },
        "y18n": {
          "version": "5.0.8",
          "dev": true
        },
        "yargs": {
          "version": "16.2.0",
          "dev": true,
          "requires": {
            "cliui": "^7.0.2",
            "escalade": "^3.1.1",
            "get-caller-file": "^2.0.5",
            "require-directory": "^2.1.1",
            "string-width": "^4.2.0",
            "y18n": "^5.0.5",
            "yargs-parser": "^20.2.2"
          }
        },
        "yargs-parser": {
          "version": "20.2.9",
          "dev": true
        }
      }
    },
    "typechat": {
      "version": "0.0.10",
      "resolved": "https://registry.npmjs.org/typechat/-/typechat-0.0.10.tgz",
      "integrity": "sha512-iF/wLLaZWt4Q9WO8stpq3NKilAa4b8hnCD16EirdhaxzAYk80MCb1wnW1il7GhkMNJuhJUD38dxs8q4A/EdxJw==",
      "requires": {
        "axios": "^1.4.0",
        "typescript": "^5.1.3"
      }
    },
    "typescript": {
      "version": "5.2.2"
    },
    "untildify": {
      "version": "4.0.0",
      "dev": true
    },
    "util-deprecate": {
      "version": "1.0.2",
      "dev": true
    },
    "uuid": {
      "version": "9.0.1",
      "resolved": "https://registry.npmjs.org/uuid/-/uuid-9.0.1.tgz",
      "integrity": "sha512-b+1eJOlsR9K8HJpow9Ok3fiWOWSIcIzXodvv0rQjVoOVNpWMpxf1wZNpt4y9h10odCNrqnYp1OBzRktckBe3sA=="
    },
    "wrap-ansi": {
      "version": "7.0.0",
      "dev": true,
      "requires": {
        "ansi-styles": "^4.0.0",
        "string-width": "^4.1.0",
        "strip-ansi": "^6.0.0"
      }
    },
    "wrappy": {
      "version": "1.0.2",
      "dev": true
    },
    "xtend": {
      "version": "4.0.2",
      "dev": true
    },
    "y18n": {
      "version": "5.0.8",
      "dev": true
    },
    "yargs": {
      "version": "16.2.0",
      "dev": true,
      "requires": {
        "cliui": "^7.0.2",
        "escalade": "^3.1.1",
        "get-caller-file": "^2.0.5",
        "require-directory": "^2.1.1",
        "string-width": "^4.2.0",
        "y18n": "^5.0.5",
        "yargs-parser": "^20.2.2"
      }
    },
    "yargs-parser": {
      "version": "20.2.9",
      "dev": true
    }
  }
}
